// !$*UTF8*$!
{
	archiveVersion = 1;
	classes = {
	};
	objectVersion = 77;
	objects = {

/* Begin PBXContainerItemProxy section */
		0FA590A42CA892D4004FB482 /* PBXContainerItemProxy */ = {
			isa = PBXContainerItemProxy;
			containerPortal = 0FA5908B2CA892D2004FB482 /* Project object */;
			proxyType = 1;
			remoteGlobalIDString = 0FA590922CA892D2004FB482;
			remoteInfo = AsyncAwaitExample;
		};
		0FA590AE2CA892D4004FB482 /* PBXContainerItemProxy */ = {
			isa = PBXContainerItemProxy;
			containerPortal = 0FA5908B2CA892D2004FB482 /* Project object */;
			proxyType = 1;
			remoteGlobalIDString = 0FA590922CA892D2004FB482;
			remoteInfo = AsyncAwaitExample;
		};
/* End PBXContainerItemProxy section */

/* Begin PBXFileReference section */
		0FA590932CA892D2004FB482 /* AsyncAwaitExample.app */ = {isa = PBXFileReference; explicitFileType = wrapper.application; includeInIndex = 0; path = AsyncAwaitExample.app; sourceTree = BUILT_PRODUCTS_DIR; };
		0FA590A32CA892D4004FB482 /* AsyncAwaitExampleTests.xctest */ = {isa = PBXFileReference; explicitFileType = wrapper.cfbundle; includeInIndex = 0; path = AsyncAwaitExampleTests.xctest; sourceTree = BUILT_PRODUCTS_DIR; };
		0FA590AD2CA892D4004FB482 /* AsyncAwaitExampleUITests.xctest */ = {isa = PBXFileReference; explicitFileType = wrapper.cfbundle; includeInIndex = 0; path = AsyncAwaitExampleUITests.xctest; sourceTree = BUILT_PRODUCTS_DIR; };
/* End PBXFileReference section */

/* Begin PBXFileSystemSynchronizedRootGroup section */
		0FA590952CA892D2004FB482 /* AsyncAwaitExample */ = {
			isa = PBXFileSystemSynchronizedRootGroup;
			path = AsyncAwaitExample;
			sourceTree = "<group>";
		};
		0FA590A62CA892D4004FB482 /* AsyncAwaitExampleTests */ = {
			isa = PBXFileSystemSynchronizedRootGroup;
			path = AsyncAwaitExampleTests;
			sourceTree = "<group>";
		};
		0FA590B02CA892D4004FB482 /* AsyncAwaitExampleUITests */ = {
			isa = PBXFileSystemSynchronizedRootGroup;
			path = AsyncAwaitExampleUITests;
			sourceTree = "<group>";
		};
/* End PBXFileSystemSynchronizedRootGroup section */

/* Begin PBXFrameworksBuildPhase section */
		0FA590902CA892D2004FB482 /* Frameworks */ = {
			isa = PBXFrameworksBuildPhase;
			buildActionMask = 2147483647;
			files = (
			);
			runOnlyForDeploymentPostprocessing = 0;
		};
		0FA590A02CA892D4004FB482 /* Frameworks */ = {
			isa = PBXFrameworksBuildPhase;
			buildActionMask = 2147483647;
			files = (
			);
			runOnlyForDeploymentPostprocessing = 0;
		};
		0FA590AA2CA892D4004FB482 /* Frameworks */ = {
			isa = PBXFrameworksBuildPhase;
			buildActionMask = 2147483647;
			files = (
			);
			runOnlyForDeploymentPostprocessing = 0;
		};
/* End PBXFrameworksBuildPhase section */

/* Begin PBXGroup section */
		0FA5908A2CA892D2004FB482 = {
			isa = PBXGroup;
			children = (
				0FA590952CA892D2004FB482 /* AsyncAwaitExample */,
				0FA590A62CA892D4004FB482 /* AsyncAwaitExampleTests */,
				0FA590B02CA892D4004FB482 /* AsyncAwaitExampleUITests */,
				0FA590942CA892D2004FB482 /* Products */,
			);
			sourceTree = "<group>";
		};
		0FA590942CA892D2004FB482 /* Products */ = {
			isa = PBXGroup;
			children = (
				0FA590932CA892D2004FB482 /* AsyncAwaitExample.app */,
				0FA590A32CA892D4004FB482 /* AsyncAwaitExampleTests.xctest */,
				0FA590AD2CA892D4004FB482 /* AsyncAwaitExampleUITests.xctest */,
			);
			name = Products;
			sourceTree = "<group>";
		};
/* End PBXGroup section */

/* Begin PBXNativeTarget section */
		0FA590922CA892D2004FB482 /* AsyncAwaitExample */ = {
			isa = PBXNativeTarget;
			buildConfigurationList = 0FA590B72CA892D4004FB482 /* Build configuration list for PBXNativeTarget "AsyncAwaitExample" */;
			buildPhases = (
				0FA5908F2CA892D2004FB482 /* Sources */,
				0FA590902CA892D2004FB482 /* Frameworks */,
				0FA590912CA892D2004FB482 /* Resources */,
			);
			buildRules = (
			);
			dependencies = (
			);
			fileSystemSynchronizedGroups = (
				0FA590952CA892D2004FB482 /* AsyncAwaitExample */,
			);
			name = AsyncAwaitExample;
			packageProductDependencies = (
			);
			productName = AsyncAwaitExample;
			productReference = 0FA590932CA892D2004FB482 /* AsyncAwaitExample.app */;
			productType = "com.apple.product-type.application";
		};
		0FA590A22CA892D4004FB482 /* AsyncAwaitExampleTests */ = {
			isa = PBXNativeTarget;
			buildConfigurationList = 0FA590BA2CA892D4004FB482 /* Build configuration list for PBXNativeTarget "AsyncAwaitExampleTests" */;
			buildPhases = (
				0FA5909F2CA892D4004FB482 /* Sources */,
				0FA590A02CA892D4004FB482 /* Frameworks */,
				0FA590A12CA892D4004FB482 /* Resources */,
			);
			buildRules = (
			);
			dependencies = (
				0FA590A52CA892D4004FB482 /* PBXTargetDependency */,
			);
			fileSystemSynchronizedGroups = (
				0FA590A62CA892D4004FB482 /* AsyncAwaitExampleTests */,
			);
			name = AsyncAwaitExampleTests;
			packageProductDependencies = (
			);
			productName = AsyncAwaitExampleTests;
			productReference = 0FA590A32CA892D4004FB482 /* AsyncAwaitExampleTests.xctest */;
			productType = "com.apple.product-type.bundle.unit-test";
		};
		0FA590AC2CA892D4004FB482 /* AsyncAwaitExampleUITests */ = {
			isa = PBXNativeTarget;
			buildConfigurationList = 0FA590BD2CA892D4004FB482 /* Build configuration list for PBXNativeTarget "AsyncAwaitExampleUITests" */;
			buildPhases = (
				0FA590A92CA892D4004FB482 /* Sources */,
				0FA590AA2CA892D4004FB482 /* Frameworks */,
				0FA590AB2CA892D4004FB482 /* Resources */,
			);
			buildRules = (
			);
			dependencies = (
				0FA590AF2CA892D4004FB482 /* PBXTargetDependency */,
			);
			fileSystemSynchronizedGroups = (
				0FA590B02CA892D4004FB482 /* AsyncAwaitExampleUITests */,
			);
			name = AsyncAwaitExampleUITests;
			packageProductDependencies = (
			);
			productName = AsyncAwaitExampleUITests;
			productReference = 0FA590AD2CA892D4004FB482 /* AsyncAwaitExampleUITests.xctest */;
			productType = "com.apple.product-type.bundle.ui-testing";
		};
/* End PBXNativeTarget section */

/* Begin PBXProject section */
		0FA5908B2CA892D2004FB482 /* Project object */ = {
			isa = PBXProject;
			attributes = {
				BuildIndependentTargetsInParallel = 1;
				LastSwiftUpdateCheck = 1600;
				LastUpgradeCheck = 1600;
				TargetAttributes = {
					0FA590922CA892D2004FB482 = {
						CreatedOnToolsVersion = 16.0;
					};
					0FA590A22CA892D4004FB482 = {
						CreatedOnToolsVersion = 16.0;
						TestTargetID = 0FA590922CA892D2004FB482;
					};
					0FA590AC2CA892D4004FB482 = {
						CreatedOnToolsVersion = 16.0;
						TestTargetID = 0FA590922CA892D2004FB482;
					};
				};
			};
			buildConfigurationList = 0FA5908E2CA892D2004FB482 /* Build configuration list for PBXProject "AsyncAwaitExample" */;
			developmentRegion = en;
			hasScannedForEncodings = 0;
			knownRegions = (
				en,
				Base,
			);
			mainGroup = 0FA5908A2CA892D2004FB482;
			minimizedProjectReferenceProxies = 1;
			preferredProjectObjectVersion = 77;
			productRefGroup = 0FA590942CA892D2004FB482 /* Products */;
			projectDirPath = "";
			projectRoot = "";
			targets = (
				0FA590922CA892D2004FB482 /* AsyncAwaitExample */,
				0FA590A22CA892D4004FB482 /* AsyncAwaitExampleTests */,
				0FA590AC2CA892D4004FB482 /* AsyncAwaitExampleUITests */,
			);
		};
/* End PBXProject section */

/* Begin PBXResourcesBuildPhase section */
		0FA590912CA892D2004FB482 /* Resources */ = {
			isa = PBXResourcesBuildPhase;
			buildActionMask = 2147483647;
			files = (
			);
			runOnlyForDeploymentPostprocessing = 0;
		};
		0FA590A12CA892D4004FB482 /* Resources */ = {
			isa = PBXResourcesBuildPhase;
			buildActionMask = 2147483647;
			files = (
			);
			runOnlyForDeploymentPostprocessing = 0;
		};
		0FA590AB2CA892D4004FB482 /* Resources */ = {
			isa = PBXResourcesBuildPhase;
			buildActionMask = 2147483647;
			files = (
			);
			runOnlyForDeploymentPostprocessing = 0;
		};
/* End PBXResourcesBuildPhase section */

/* Begin PBXSourcesBuildPhase section */
		0FA5908F2CA892D2004FB482 /* Sources */ = {
			isa = PBXSourcesBuildPhase;
			buildActionMask = 2147483647;
			files = (
			);
			runOnlyForDeploymentPostprocessing = 0;
		};
		0FA5909F2CA892D4004FB482 /* Sources */ = {
			isa = PBXSourcesBuildPhase;
			buildActionMask = 2147483647;
			files = (
			);
			runOnlyForDeploymentPostprocessing = 0;
		};
		0FA590A92CA892D4004FB482 /* Sources */ = {
			isa = PBXSourcesBuildPhase;
			buildActionMask = 2147483647;
			files = (
			);
			runOnlyForDeploymentPostprocessing = 0;
		};
/* End PBXSourcesBuildPhase section */

/* Begin PBXTargetDependency section */
		0FA590A52CA892D4004FB482 /* PBXTargetDependency */ = {
			isa = PBXTargetDependency;
			target = 0FA590922CA892D2004FB482 /* AsyncAwaitExample */;
			targetProxy = 0FA590A42CA892D4004FB482 /* PBXContainerItemProxy */;
		};
		0FA590AF2CA892D4004FB482 /* PBXTargetDependency */ = {
			isa = PBXTargetDependency;
			target = 0FA590922CA892D2004FB482 /* AsyncAwaitExample */;
			targetProxy = 0FA590AE2CA892D4004FB482 /* PBXContainerItemProxy */;
		};
/* End PBXTargetDependency section */

/* Begin XCBuildConfiguration section */
		0FA590B52CA892D4004FB482 /* Debug */ = {
			isa = XCBuildConfiguration;
			buildSettings = {
				ALWAYS_SEARCH_USER_PATHS = NO;
				ASSETCATALOG_COMPILER_GENERATE_SWIFT_ASSET_SYMBOL_EXTENSIONS = YES;
				CLANG_ANALYZER_NONNULL = YES;
				CLANG_ANALYZER_NUMBER_OBJECT_CONVERSION = YES_AGGRESSIVE;
				CLANG_CXX_LANGUAGE_STANDARD = "gnu++20";
				CLANG_ENABLE_MODULES = YES;
				CLANG_ENABLE_OBJC_ARC = YES;
				CLANG_ENABLE_OBJC_WEAK = YES;
				CLANG_WARN_BLOCK_CAPTURE_AUTORELEASING = YES;
				CLANG_WARN_BOOL_CONVERSION = YES;
				CLANG_WARN_COMMA = YES;
				CLANG_WARN_CONSTANT_CONVERSION = YES;
				CLANG_WARN_DEPRECATED_OBJC_IMPLEMENTATIONS = YES;
				CLANG_WARN_DIRECT_OBJC_ISA_USAGE = YES_ERROR;
				CLANG_WARN_DOCUMENTATION_COMMENTS = YES;
				CLANG_WARN_EMPTY_BODY = YES;
				CLANG_WARN_ENUM_CONVERSION = YES;
				CLANG_WARN_INFINITE_RECURSION = YES;
				CLANG_WARN_INT_CONVERSION = YES;
				CLANG_WARN_NON_LITERAL_NULL_CONVERSION = YES;
				CLANG_WARN_OBJC_IMPLICIT_RETAIN_SELF = YES;
				CLANG_WARN_OBJC_LITERAL_CONVERSION = YES;
				CLANG_WARN_OBJC_ROOT_CLASS = YES_ERROR;
				CLANG_WARN_QUOTED_INCLUDE_IN_FRAMEWORK_HEADER = YES;
				CLANG_WARN_RANGE_LOOP_ANALYSIS = YES;
				CLANG_WARN_STRICT_PROTOTYPES = YES;
				CLANG_WARN_SUSPICIOUS_MOVE = YES;
				CLANG_WARN_UNGUARDED_AVAILABILITY = YES_AGGRESSIVE;
				CLANG_WARN_UNREACHABLE_CODE = YES;
				CLANG_WARN__DUPLICATE_METHOD_MATCH = YES;
				COPY_PHASE_STRIP = NO;
				DEBUG_INFORMATION_FORMAT = dwarf;
				ENABLE_STRICT_OBJC_MSGSEND = YES;
				ENABLE_TESTABILITY = YES;
				ENABLE_USER_SCRIPT_SANDBOXING = YES;
				GCC_C_LANGUAGE_STANDARD = gnu17;
				GCC_DYNAMIC_NO_PIC = NO;
				GCC_NO_COMMON_BLOCKS = YES;
				GCC_OPTIMIZATION_LEVEL = 0;
				GCC_PREPROCESSOR_DEFINITIONS = (
					"DEBUG=1",
					"$(inherited)",
				);
				GCC_WARN_64_TO_32_BIT_CONVERSION = YES;
				GCC_WARN_ABOUT_RETURN_TYPE = YES_ERROR;
				GCC_WARN_UNDECLARED_SELECTOR = YES;
				GCC_WARN_UNINITIALIZED_AUTOS = YES_AGGRESSIVE;
				GCC_WARN_UNUSED_FUNCTION = YES;
				GCC_WARN_UNUSED_VARIABLE = YES;
				IPHONEOS_DEPLOYMENT_TARGET = 18.0;
				LOCALIZATION_PREFERS_STRING_CATALOGS = YES;
				MTL_ENABLE_DEBUG_INFO = INCLUDE_SOURCE;
				MTL_FAST_MATH = YES;
				ONLY_ACTIVE_ARCH = YES;
				SDKROOT = iphoneos;
				SWIFT_ACTIVE_COMPILATION_CONDITIONS = "DEBUG $(inherited)";
				SWIFT_OPTIMIZATION_LEVEL = "-Onone";
			};
			name = Debug;
		};
		0FA590B62CA892D4004FB482 /* Release */ = {
			isa = XCBuildConfiguration;
			buildSettings = {
				ALWAYS_SEARCH_USER_PATHS = NO;
				ASSETCATALOG_COMPILER_GENERATE_SWIFT_ASSET_SYMBOL_EXTENSIONS = YES;
				CLANG_ANALYZER_NONNULL = YES;
				CLANG_ANALYZER_NUMBER_OBJECT_CONVERSION = YES_AGGRESSIVE;
				CLANG_CXX_LANGUAGE_STANDARD = "gnu++20";
				CLANG_ENABLE_MODULES = YES;
				CLANG_ENABLE_OBJC_ARC = YES;
				CLANG_ENABLE_OBJC_WEAK = YES;
				CLANG_WARN_BLOCK_CAPTURE_AUTORELEASING = YES;
				CLANG_WARN_BOOL_CONVERSION = YES;
				CLANG_WARN_COMMA = YES;
				CLANG_WARN_CONSTANT_CONVERSION = YES;
				CLANG_WARN_DEPRECATED_OBJC_IMPLEMENTATIONS = YES;
				CLANG_WARN_DIRECT_OBJC_ISA_USAGE = YES_ERROR;
				CLANG_WARN_DOCUMENTATION_COMMENTS = YES;
				CLANG_WARN_EMPTY_BODY = YES;
				CLANG_WARN_ENUM_CONVERSION = YES;
				CLANG_WARN_INFINITE_RECURSION = YES;
				CLANG_WARN_INT_CONVERSION = YES;
				CLANG_WARN_NON_LITERAL_NULL_CONVERSION = YES;
				CLANG_WARN_OBJC_IMPLICIT_RETAIN_SELF = YES;
				CLANG_WARN_OBJC_LITERAL_CONVERSION = YES;
				CLANG_WARN_OBJC_ROOT_CLASS = YES_ERROR;
				CLANG_WARN_QUOTED_INCLUDE_IN_FRAMEWORK_HEADER = YES;
				CLANG_WARN_RANGE_LOOP_ANALYSIS = YES;
				CLANG_WARN_STRICT_PROTOTYPES = YES;
				CLANG_WARN_SUSPICIOUS_MOVE = YES;
				CLANG_WARN_UNGUARDED_AVAILABILITY = YES_AGGRESSIVE;
				CLANG_WARN_UNREACHABLE_CODE = YES;
				CLANG_WARN__DUPLICATE_METHOD_MATCH = YES;
				COPY_PHASE_STRIP = NO;
				DEBUG_INFORMATION_FORMAT = "dwarf-with-dsym";
				ENABLE_NS_ASSERTIONS = NO;
				ENABLE_STRICT_OBJC_MSGSEND = YES;
				ENABLE_USER_SCRIPT_SANDBOXING = YES;
				GCC_C_LANGUAGE_STANDARD = gnu17;
				GCC_NO_COMMON_BLOCKS = YES;
				GCC_WARN_64_TO_32_BIT_CONVERSION = YES;
				GCC_WARN_ABOUT_RETURN_TYPE = YES_ERROR;
				GCC_WARN_UNDECLARED_SELECTOR = YES;
				GCC_WARN_UNINITIALIZED_AUTOS = YES_AGGRESSIVE;
				GCC_WARN_UNUSED_FUNCTION = YES;
				GCC_WARN_UNUSED_VARIABLE = YES;
				IPHONEOS_DEPLOYMENT_TARGET = 18.0;
				LOCALIZATION_PREFERS_STRING_CATALOGS = YES;
				MTL_ENABLE_DEBUG_INFO = NO;
				MTL_FAST_MATH = YES;
				SDKROOT = iphoneos;
				SWIFT_COMPILATION_MODE = wholemodule;
				VALIDATE_PRODUCT = YES;
			};
			name = Release;
		};
		0FA590B82CA892D4004FB482 /* Debug */ = {
			isa = XCBuildConfiguration;
			buildSettings = {
				ASSETCATALOG_COMPILER_APPICON_NAME = AppIcon;
				ASSETCATALOG_COMPILER_GLOBAL_ACCENT_COLOR_NAME = AccentColor;
				CODE_SIGN_STYLE = Automatic;
				CURRENT_PROJECT_VERSION = 1;
				DEVELOPMENT_ASSET_PATHS = "\"AsyncAwaitExample/Preview Content\"";
				DEVELOPMENT_TEAM = S5C52P9PGP;
				ENABLE_PREVIEWS = YES;
				GENERATE_INFOPLIST_FILE = YES;
				INFOPLIST_KEY_UIApplicationSceneManifest_Generation = YES;
				INFOPLIST_KEY_UIApplicationSupportsIndirectInputEvents = YES;
				INFOPLIST_KEY_UILaunchScreen_Generation = YES;
				INFOPLIST_KEY_UISupportedInterfaceOrientations_iPad = "UIInterfaceOrientationPortrait UIInterfaceOrientationPortraitUpsideDown UIInterfaceOrientationLandscapeLeft UIInterfaceOrientationLandscapeRight";
				INFOPLIST_KEY_UISupportedInterfaceOrientations_iPhone = "UIInterfaceOrientationPortrait UIInterfaceOrientationLandscapeLeft UIInterfaceOrientationLandscapeRight";
				LD_RUNPATH_SEARCH_PATHS = (
					"$(inherited)",
					"@executable_path/Frameworks",
				);
				MARKETING_VERSION = 1.0;
				PRODUCT_BUNDLE_IDENTIFIER = com.AsyncAwaitExample;
				PRODUCT_NAME = "$(TARGET_NAME)";
				SWIFT_EMIT_LOC_STRINGS = YES;
				SWIFT_VERSION = 5.0;
				TARGETED_DEVICE_FAMILY = "1,2";
			};
			name = Debug;
		};
		0FA590B92CA892D4004FB482 /* Release */ = {
			isa = XCBuildConfiguration;
			buildSettings = {
				ASSETCATALOG_COMPILER_APPICON_NAME = AppIcon;
				ASSETCATALOG_COMPILER_GLOBAL_ACCENT_COLOR_NAME = AccentColor;
				CODE_SIGN_STYLE = Automatic;
				CURRENT_PROJECT_VERSION = 1;
				DEVELOPMENT_ASSET_PATHS = "\"AsyncAwaitExample/Preview Content\"";
				DEVELOPMENT_TEAM = S5C52P9PGP;
				ENABLE_PREVIEWS = YES;
				GENERATE_INFOPLIST_FILE = YES;
				INFOPLIST_KEY_UIApplicationSceneManifest_Generation = YES;
				INFOPLIST_KEY_UIApplicationSupportsIndirectInputEvents = YES;
				INFOPLIST_KEY_UILaunchScreen_Generation = YES;
				INFOPLIST_KEY_UISupportedInterfaceOrientations_iPad = "UIInterfaceOrientationPortrait UIInterfaceOrientationPortraitUpsideDown UIInterfaceOrientationLandscapeLeft UIInterfaceOrientationLandscapeRight";
				INFOPLIST_KEY_UISupportedInterfaceOrientations_iPhone = "UIInterfaceOrientationPortrait UIInterfaceOrientationLandscapeLeft UIInterfaceOrientationLandscapeRight";
				LD_RUNPATH_SEARCH_PATHS = (
					"$(inherited)",
					"@executable_path/Frameworks",
				);
				MARKETING_VERSION = 1.0;
				PRODUCT_BUNDLE_IDENTIFIER = com.AsyncAwaitExample;
				PRODUCT_NAME = "$(TARGET_NAME)";
				SWIFT_EMIT_LOC_STRINGS = YES;
				SWIFT_VERSION = 5.0;
				TARGETED_DEVICE_FAMILY = "1,2";
			};
			name = Release;
		};
		0FA590BB2CA892D4004FB482 /* Debug */ = {
			isa = XCBuildConfiguration;
			buildSettings = {
				BUNDLE_LOADER = "$(TEST_HOST)";
				CODE_SIGN_STYLE = Automatic;
				CURRENT_PROJECT_VERSION = 1;
				DEVELOPMENT_TEAM = S5C52P9PGP;
				GENERATE_INFOPLIST_FILE = YES;
				IPHONEOS_DEPLOYMENT_TARGET = 18.0;
				MARKETING_VERSION = 1.0;
				PRODUCT_BUNDLE_IDENTIFIER = com.AsyncAwaitExampleTests;
				PRODUCT_NAME = "$(TARGET_NAME)";
				SWIFT_EMIT_LOC_STRINGS = NO;
				SWIFT_VERSION = 5.0;
				TARGETED_DEVICE_FAMILY = "1,2";
				TEST_HOST = "$(BUILT_PRODUCTS_DIR)/AsyncAwaitExample.app/$(BUNDLE_EXECUTABLE_FOLDER_PATH)/AsyncAwaitExample";
			};
			name = Debug;
		};
		0FA590BC2CA892D4004FB482 /* Release */ = {
			isa = XCBuildConfiguration;
			buildSettings = {
				BUNDLE_LOADER = "$(TEST_HOST)";
				CODE_SIGN_STYLE = Automatic;
				CURRENT_PROJECT_VERSION = 1;
				DEVELOPMENT_TEAM = S5C52P9PGP;
				GENERATE_INFOPLIST_FILE = YES;
				IPHONEOS_DEPLOYMENT_TARGET = 18.0;
				MARKETING_VERSION = 1.0;
				PRODUCT_BUNDLE_IDENTIFIER = com.AsyncAwaitExampleTests;
				PRODUCT_NAME = "$(TARGET_NAME)";
				SWIFT_EMIT_LOC_STRINGS = NO;
				SWIFT_VERSION = 5.0;
				TARGETED_DEVICE_FAMILY = "1,2";
				TEST_HOST = "$(BUILT_PRODUCTS_DIR)/AsyncAwaitExample.app/$(BUNDLE_EXECUTABLE_FOLDER_PATH)/AsyncAwaitExample";
			};
			name = Release;
		};
		0FA590BE2CA892D4004FB482 /* Debug */ = {
			isa = XCBuildConfiguration;
			buildSettings = {
				CODE_SIGN_STYLE = Automatic;
				CURRENT_PROJECT_VERSION = 1;
				DEVELOPMENT_TEAM = S5C52P9PGP;
				GENERATE_INFOPLIST_FILE = YES;
				MARKETING_VERSION = 1.0;
				PRODUCT_BUNDLE_IDENTIFIER = com.AsyncAwaitExampleUITests;
				PRODUCT_NAME = "$(TARGET_NAME)";
				SWIFT_EMIT_LOC_STRINGS = NO;
				SWIFT_VERSION = 5.0;
				TARGETED_DEVICE_FAMILY = "1,2";
				TEST_TARGET_NAME = AsyncAwaitExample;
			};
			name = Debug;
		};
		0FA590BF2CA892D4004FB482 /* Release */ = {
			isa = XCBuildConfiguration;
			buildSettings = {
				CODE_SIGN_STYLE = Automatic;
				CURRENT_PROJECT_VERSION = 1;
				DEVELOPMENT_TEAM = S5C52P9PGP;
				GENERATE_INFOPLIST_FILE = YES;
				MARKETING_VERSION = 1.0;
				PRODUCT_BUNDLE_IDENTIFIER = com.AsyncAwaitExampleUITests;
				PRODUCT_NAME = "$(TARGET_NAME)";
				SWIFT_EMIT_LOC_STRINGS = NO;
				SWIFT_VERSION = 5.0;
				TARGETED_DEVICE_FAMILY = "1,2";
				TEST_TARGET_NAME = AsyncAwaitExample;
			};
			name = Release;
		};
/* End XCBuildConfiguration section */

/* Begin XCConfigurationList section */
		0FA5908E2CA892D2004FB482 /* Build configuration list for PBXProject "AsyncAwaitExample" */ = {
			isa = XCConfigurationList;
			buildConfigurations = (
				0FA590B52CA892D4004FB482 /* Debug */,
				0FA590B62CA892D4004FB482 /* Release */,
			);
			defaultConfigurationIsVisible = 0;
			defaultConfigurationName = Release;
		};
		0FA590B72CA892D4004FB482 /* Build configuration list for PBXNativeTarget "AsyncAwaitExample" */ = {
			isa = XCConfigurationList;
			buildConfigurations = (
				0FA590B82CA892D4004FB482 /* Debug */,
				0FA590B92CA892D4004FB482 /* Release */,
			);
			defaultConfigurationIsVisible = 0;
			defaultConfigurationName = Release;
		};
		0FA590BA2CA892D4004FB482 /* Build configuration list for PBXNativeTarget "AsyncAwaitExampleTests" */ = {
			isa = XCConfigurationList;
			buildConfigurations = (
				0FA590BB2CA892D4004FB482 /* Debug */,
				0FA590BC2CA892D4004FB482 /* Release */,
			);
			defaultConfigurationIsVisible = 0;
			defaultConfigurationName = Release;
		};
		0FA590BD2CA892D4004FB482 /* Build configuration list for PBXNativeTarget "AsyncAwaitExampleUITests" */ = {
			isa = XCConfigurationList;
			buildConfigurations = (
				0FA590BE2CA892D4004FB482 /* Debug */,
				0FA590BF2CA892D4004FB482 /* Release */,
			);
			defaultConfigurationIsVisible = 0;
			defaultConfigurationName = Release;
		};
/* End XCConfigurationList section */
	};
	rootObject = 0FA5908B2CA892D2004FB482 /* Project object */;
}
